
Microsoft Visual Studio Solution File, Format Version 12.00
# Visual Studio Version 17
VisualStudioVersion = 17.4.33213.308
MinimumVisualStudioVersion = 10.0.40219.1
Project("{FAE04EC0-301F-11D3-BF4B-00C04F79EFBC}") = "IParcial", "IParcial\IParcial.csproj", "{C025D66F-E56B-473E-BA05-6A53F27A6215}"
EndProject
Global
	GlobalSection(SolutionConfigurationPlatforms) = preSolution
		Debug|Any CPU = Debug|Any CPU
		Release|Any CPU = Release|Any CPU
	EndGlobalSection
	GlobalSection(ProjectConfigurationPlatforms) = postSolution
		{C025D66F-E56B-473E-BA05-6A53F27A6215}.Debug|Any CPU.ActiveCfg = Debug|Any CPU
		{C025D66F-E56B-473E-BA05-6A53F27A6215}.Debug|Any CPU.Build.0 = Debug|Any CPU
		{C025D66F-E56B-473E-BA05-6A53F27A6215}.Release|Any CPU.ActiveCfg = Release|Any CPU
		{C025D66F-E56B-473E-BA05-6A53F27A6215}.Release|Any CPU.Build.0 = Release|Any CPU
	EndGlobalSection
	GlobalSection(SolutionProperties) = preSolution
		HideSolutionNode = FALSE
	EndGlobalSection
	GlobalSection(ExtensibilityGlobals) = postSolution
		SolutionGuid = {50AC0724-C395-4459-84D3-FDD94708B098}
	EndGlobalSection
EndGlobal
